Microsoft Visual Studio Solution File, Format Version 10.00
# Visual Studio 2008
Project("{2150E333-8FDC-42A3-9474-1A3956D46DE8}") = "components", "components", "{E4BD3B5A-D836-466D-8984-7BD9E46D0206}"
EndProject
Project("{2150E333-8FDC-42A3-9474-1A3956D46DE8}") = "render-skia", "render-skia", "{D7624109-CB66-4AA1-9F07-504B5D51BFB6}"
EndProject
Project("{8BC9CEB8-8B4A-11D0-8D11-00A0C91BC942}") = "utilities", "utilities\utilities.vcproj", "{711FD1E7-C06C-3BA5-83D3-35F9A8C4025D}"
EndProject
Project("{8BC9CEB8-8B4A-11D0-8D11-00A0C91BC942}") = "soui", "SOUI\soui.vcproj", "{59B6B2B3-1296-3F6B-9D70-7D1B78A01F91}"
	ProjectSection(ProjectDependencies) = postProject
		{711FD1E7-C06C-3BA5-83D3-35F9A8C4025D} = {711FD1E7-C06C-3BA5-83D3-35F9A8C4025D}
	EndProjectSection
EndProject
Project("{8BC9CEB8-8B4A-11D0-8D11-00A0C91BC942}") = "imgdecoder-wic", "components\imgdecoder-wic\imgdecoder-wic.vcproj", "{69E784C1-71AD-3057-AD4E-32CCA22F70C2}"
EndProject
Project("{8BC9CEB8-8B4A-11D0-8D11-00A0C91BC942}") = "render-gdi", "components\render-gdi\render-gdi.vcproj", "{08872D45-F84E-3F43-B514-ADD78D396F8F}"
	ProjectSection(ProjectDependencies) = postProject
		{711FD1E7-C06C-3BA5-83D3-35F9A8C4025D} = {711FD1E7-C06C-3BA5-83D3-35F9A8C4025D}
	EndProjectSection
EndProject
Project("{8BC9CEB8-8B4A-11D0-8D11-00A0C91BC942}") = "render-skia", "components\render-skia\render-skia.vcproj", "{7AFA022A-669D-3ADB-A4CD-588C06A1440B}"
	ProjectSection(ProjectDependencies) = postProject
		{BD3A912E-81C5-35D7-AD32-08B95D1D2E50} = {BD3A912E-81C5-35D7-AD32-08B95D1D2E50}
		{711FD1E7-C06C-3BA5-83D3-35F9A8C4025D} = {711FD1E7-C06C-3BA5-83D3-35F9A8C4025D}
	EndProjectSection
EndProject
Project("{8BC9CEB8-8B4A-11D0-8D11-00A0C91BC942}") = "translator", "components\translator\translator.vcproj", "{8D98F1FC-95A9-3DD3-AA14-F0D703BA4185}"
	ProjectSection(ProjectDependencies) = postProject
		{711FD1E7-C06C-3BA5-83D3-35F9A8C4025D} = {711FD1E7-C06C-3BA5-83D3-35F9A8C4025D}
	EndProjectSection
EndProject
Project("{8BC9CEB8-8B4A-11D0-8D11-00A0C91BC942}") = "zlib", "components\zlib\zlib.vcproj", "{3FE5B8CE-E01A-3105-8F15-06308F5DD4B6}"
EndProject
Project("{8BC9CEB8-8B4A-11D0-8D11-00A0C91BC942}") = "resprovider-zip", "components\resprovider-zip\resprovider-zip.vcproj", "{3534C527-3DB0-34F3-A170-DD82A4357E00}"
	ProjectSection(ProjectDependencies) = postProject
		{711FD1E7-C06C-3BA5-83D3-35F9A8C4025D} = {711FD1E7-C06C-3BA5-83D3-35F9A8C4025D}
		{3FE5B8CE-E01A-3105-8F15-06308F5DD4B6} = {3FE5B8CE-E01A-3105-8F15-06308F5DD4B6}
	EndProjectSection
EndProject
Project("{8BC9CEB8-8B4A-11D0-8D11-00A0C91BC942}") = "scriptmodule-lua", "components\ScriptModule-LUA\ScriptModule\scriptmodule-lua.vcproj", "{6DE08160-AEB4-3549-B5B7-D4B06DEB99CE}"
	ProjectSection(ProjectDependencies) = postProject
		{59B6B2B3-1296-3F6B-9D70-7D1B78A01F91} = {59B6B2B3-1296-3F6B-9D70-7D1B78A01F91}
		{CE6C3222-C1CB-3AD7-AD0D-CAB7E13CBFDB} = {CE6C3222-C1CB-3AD7-AD0D-CAB7E13CBFDB}
	EndProjectSection
EndProject
Project("{8BC9CEB8-8B4A-11D0-8D11-00A0C91BC942}") = "demo", "demo\demo.vcproj", "{B12CE1CD-D029-3791-848B-4009124FE8BD}"
	ProjectSection(ProjectDependencies) = postProject
		{59B6B2B3-1296-3F6B-9D70-7D1B78A01F91} = {59B6B2B3-1296-3F6B-9D70-7D1B78A01F91}
		{A0B6DB10-725B-3D20-B141-E22ECCFDCD30} = {A0B6DB10-725B-3D20-B141-E22ECCFDCD30}
		{711FD1E7-C06C-3BA5-83D3-35F9A8C4025D} = {711FD1E7-C06C-3BA5-83D3-35F9A8C4025D}
	EndProjectSection
EndProject
Project("{8BC9CEB8-8B4A-11D0-8D11-00A0C91BC942}") = "soui-sys-resource", "soui-sys-resource\soui-sys-resource.vcproj", "{DFFC75CB-F1B3-3BD0-BFA7-0435104F9FF3}"
EndProject
Project("{8BC9CEB8-8B4A-11D0-8D11-00A0C91BC942}") = "qqlogin", "QQLogin\QQLogin.vcproj", "{9EC78CD1-F9FB-3B62-841A-22EF4AC96CD1}"
	ProjectSection(ProjectDependencies) = postProject
		{59B6B2B3-1296-3F6B-9D70-7D1B78A01F91} = {59B6B2B3-1296-3F6B-9D70-7D1B78A01F91}
		{711FD1E7-C06C-3BA5-83D3-35F9A8C4025D} = {711FD1E7-C06C-3BA5-83D3-35F9A8C4025D}
	EndProjectSection
EndProject
Project("{8BC9CEB8-8B4A-11D0-8D11-00A0C91BC942}") = "360", "360\360.vcproj", "{B483D131-B127-3AA8-A927-C0D37C813D74}"
	ProjectSection(ProjectDependencies) = postProject
		{59B6B2B3-1296-3F6B-9D70-7D1B78A01F91} = {59B6B2B3-1296-3F6B-9D70-7D1B78A01F91}
	EndProjectSection
EndProject
Project("{8BC9CEB8-8B4A-11D0-8D11-00A0C91BC942}") = "souispy", "souispy\souispy.vcproj", "{D0D27B09-C038-35B2-9251-1CB614E1DA44}"
	ProjectSection(ProjectDependencies) = postProject
		{59B6B2B3-1296-3F6B-9D70-7D1B78A01F91} = {59B6B2B3-1296-3F6B-9D70-7D1B78A01F91}
	EndProjectSection
EndProject
Project("{8BC9CEB8-8B4A-11D0-8D11-00A0C91BC942}") = "imgdecoder-png", "components\imgdecoder-png\imgdecoder-png.vcproj", "{251C8A98-9D68-3345-822B-FECEC009A9A1}"
	ProjectSection(ProjectDependencies) = postProject
		{6DFBA523-CD8A-3AA2-A7C7-3035CBA5106F} = {6DFBA523-CD8A-3AA2-A7C7-3035CBA5106F}
		{3FE5B8CE-E01A-3105-8F15-06308F5DD4B6} = {3FE5B8CE-E01A-3105-8F15-06308F5DD4B6}
	EndProjectSection
EndProject
Project("{8BC9CEB8-8B4A-11D0-8D11-00A0C91BC942}") = "png", "components\png\png.vcproj", "{6DFBA523-CD8A-3AA2-A7C7-3035CBA5106F}"
EndProject
Project("{8BC9CEB8-8B4A-11D0-8D11-00A0C91BC942}") = "imgdecoder-stb", "components\imgdecoder-stb\imgdecoder-stb.vcproj", "{B51727CF-B84B-324A-B0E1-FEB1931BC908}"
EndProject
Project("{2150E333-8FDC-42A3-9474-1A3956D46DE8}") = "imgdecorder", "imgdecorder", "{2B992D0F-4BD4-4159-9D4A-9FFC4627075A}"
EndProject
Project("{2150E333-8FDC-42A3-9474-1A3956D46DE8}") = "tools", "tools", "{4DF98E2B-7A65-4C6A-A19E-4CA2E9BE3B87}"
EndProject
Project("{8BC9CEB8-8B4A-11D0-8D11-00A0C91BC942}") = "skia", "components\skia\skia.vcproj", "{BD3A912E-81C5-35D7-AD32-08B95D1D2E50}"
EndProject
Project("{8BC9CEB8-8B4A-11D0-8D11-00A0C91BC942}") = "MusicPlayer", "MusicPlayer\MusicPlayer.vcproj", "{CB52940A-8E76-3454-9E2F-3E35CC5EF52A}"
	ProjectSection(ProjectDependencies) = postProject
		{59B6B2B3-1296-3F6B-9D70-7D1B78A01F91} = {59B6B2B3-1296-3F6B-9D70-7D1B78A01F91}
	EndProjectSection
EndProject
Project("{8BC9CEB8-8B4A-11D0-8D11-00A0C91BC942}") = "SoSmiley", "SoSmiley\SoSmiley.vcproj", "{A0B6DB10-725B-3D20-B141-E22ECCFDCD30}"
EndProject
Project("{8BC9CEB8-8B4A-11D0-8D11-00A0C91BC942}") = "imgdecoder-gdip", "components\imgdecoder-gdip\imgdecoder-gdip.vcproj", "{C3F187BC-3A8F-3A15-9374-94170F023FF6}"
EndProject
Project("{8BC9CEB8-8B4A-11D0-8D11-00A0C91BC942}") = "PCManager", "PCManager\PCManager.vcproj", "{C04ADEA4-086A-3E1D-992E-497E5774C6C4}"
	ProjectSection(ProjectDependencies) = postProject
		{59B6B2B3-1296-3F6B-9D70-7D1B78A01F91} = {59B6B2B3-1296-3F6B-9D70-7D1B78A01F91}
		{711FD1E7-C06C-3BA5-83D3-35F9A8C4025D} = {711FD1E7-C06C-3BA5-83D3-35F9A8C4025D}
	EndProjectSection
EndProject
Project("{2150E333-8FDC-42A3-9474-1A3956D46DE8}") = "demos", "demos", "{8506B0EA-AB34-4358-8054-4516A081C148}"
EndProject
Project("{8BC9CEB8-8B4A-11D0-8D11-00A0C91BC942}") = "SoTool", "SoTool\SoTool.vcproj", "{6CCFD3C4-B74F-3386-B409-D0DF943AF948}"
	ProjectSection(ProjectDependencies) = postProject
		{59B6B2B3-1296-3F6B-9D70-7D1B78A01F91} = {59B6B2B3-1296-3F6B-9D70-7D1B78A01F91}
	EndProjectSection
EndProject
Project("{8BC9CEB8-8B4A-11D0-8D11-00A0C91BC942}") = "lua-52", "components\ScriptModule-LUA\lua-52\lua-52.vcproj", "{CE6C3222-C1CB-3AD7-AD0D-CAB7E13CBFDB}"
EndProject
Project("{8BC9CEB8-8B4A-11D0-8D11-00A0C91BC942}") = "360Preview", "360Preview\360Preview.vcproj", "{9B6E2DF0-7146-3D86-AD69-FEC5A9B9DFF7}"
	ProjectSection(ProjectDependencies) = postProject
		{59B6B2B3-1296-3F6B-9D70-7D1B78A01F91} = {59B6B2B3-1296-3F6B-9D70-7D1B78A01F91}
	EndProjectSection
EndProject
Global
	GlobalSection(SolutionConfigurationPlatforms) = preSolution
		Debug|Win32 = Debug|Win32
		Debug|x64 = Debug|x64
		Release|Win32 = Release|Win32
		Release|x64 = Release|x64
	EndGlobalSection
	GlobalSection(ProjectConfigurationPlatforms) = postSolution
		{711FD1E7-C06C-3BA5-83D3-35F9A8C4025D}.Debug|Win32.ActiveCfg = Debug|Win32
		{711FD1E7-C06C-3BA5-83D3-35F9A8C4025D}.Debug|Win32.Build.0 = Debug|Win32
		{711FD1E7-C06C-3BA5-83D3-35F9A8C4025D}.Debug|x64.ActiveCfg = Debug|Win32
		{711FD1E7-C06C-3BA5-83D3-35F9A8C4025D}.Release|Win32.ActiveCfg = Release|Win32
		{711FD1E7-C06C-3BA5-83D3-35F9A8C4025D}.Release|Win32.Build.0 = Release|Win32
		{711FD1E7-C06C-3BA5-83D3-35F9A8C4025D}.Release|x64.ActiveCfg = Release|Win32
		{59B6B2B3-1296-3F6B-9D70-7D1B78A01F91}.Debug|Win32.ActiveCfg = Debug|Win32
		{59B6B2B3-1296-3F6B-9D70-7D1B78A01F91}.Debug|Win32.Build.0 = Debug|Win32
		{59B6B2B3-1296-3F6B-9D70-7D1B78A01F91}.Debug|x64.ActiveCfg = Debug|Win32
		{59B6B2B3-1296-3F6B-9D70-7D1B78A01F91}.Release|Win32.ActiveCfg = Release|Win32
		{59B6B2B3-1296-3F6B-9D70-7D1B78A01F91}.Release|Win32.Build.0 = Release|Win32
		{59B6B2B3-1296-3F6B-9D70-7D1B78A01F91}.Release|x64.ActiveCfg = Release|Win32
		{69E784C1-71AD-3057-AD4E-32CCA22F70C2}.Debug|Win32.ActiveCfg = Debug|Win32
		{69E784C1-71AD-3057-AD4E-32CCA22F70C2}.Debug|Win32.Build.0 = Debug|Win32
		{69E784C1-71AD-3057-AD4E-32CCA22F70C2}.Debug|x64.ActiveCfg = Debug|Win32
		{69E784C1-71AD-3057-AD4E-32CCA22F70C2}.Release|Win32.ActiveCfg = Release|Win32
		{69E784C1-71AD-3057-AD4E-32CCA22F70C2}.Release|Win32.Build.0 = Release|Win32
		{69E784C1-71AD-3057-AD4E-32CCA22F70C2}.Release|x64.ActiveCfg = Release|Win32
		{08872D45-F84E-3F43-B514-ADD78D396F8F}.Debug|Win32.ActiveCfg = Debug|Win32
		{08872D45-F84E-3F43-B514-ADD78D396F8F}.Debug|Win32.Build.0 = Debug|Win32
		{08872D45-F84E-3F43-B514-ADD78D396F8F}.Debug|x64.ActiveCfg = Debug|Win32
		{08872D45-F84E-3F43-B514-ADD78D396F8F}.Release|Win32.ActiveCfg = Release|Win32
		{08872D45-F84E-3F43-B514-ADD78D396F8F}.Release|Win32.Build.0 = Release|Win32
		{08872D45-F84E-3F43-B514-ADD78D396F8F}.Release|x64.ActiveCfg = Release|Win32
		{7AFA022A-669D-3ADB-A4CD-588C06A1440B}.Debug|Win32.ActiveCfg = Debug|Win32
		{7AFA022A-669D-3ADB-A4CD-588C06A1440B}.Debug|x64.ActiveCfg = Debug|Win32
		{7AFA022A-669D-3ADB-A4CD-588C06A1440B}.Release|Win32.ActiveCfg = Release|Win32
		{7AFA022A-669D-3ADB-A4CD-588C06A1440B}.Release|Win32.Build.0 = Release|Win32
		{7AFA022A-669D-3ADB-A4CD-588C06A1440B}.Release|x64.ActiveCfg = Release|Win32
		{8D98F1FC-95A9-3DD3-AA14-F0D703BA4185}.Debug|Win32.ActiveCfg = Debug|Win32
		{8D98F1FC-95A9-3DD3-AA14-F0D703BA4185}.Debug|Win32.Build.0 = Debug|Win32
		{8D98F1FC-95A9-3DD3-AA14-F0D703BA4185}.Debug|x64.ActiveCfg = Debug|Win32
		{8D98F1FC-95A9-3DD3-AA14-F0D703BA4185}.Release|Win32.ActiveCfg = Release|Win32
		{8D98F1FC-95A9-3DD3-AA14-F0D703BA4185}.Release|Win32.Build.0 = Release|Win32
		{8D98F1FC-95A9-3DD3-AA14-F0D703BA4185}.Release|x64.ActiveCfg = Release|Win32
		{3FE5B8CE-E01A-3105-8F15-06308F5DD4B6}.Debug|Win32.ActiveCfg = Debug|Win32
		{3FE5B8CE-E01A-3105-8F15-06308F5DD4B6}.Debug|Win32.Build.0 = Debug|Win32
		{3FE5B8CE-E01A-3105-8F15-06308F5DD4B6}.Debug|x64.ActiveCfg = Debug|Win32
		{3FE5B8CE-E01A-3105-8F15-06308F5DD4B6}.Release|Win32.ActiveCfg = Release|Win32
		{3FE5B8CE-E01A-3105-8F15-06308F5DD4B6}.Release|Win32.Build.0 = Release|Win32
		{3FE5B8CE-E01A-3105-8F15-06308F5DD4B6}.Release|x64.ActiveCfg = Release|Win32
		{3534C527-3DB0-34F3-A170-DD82A4357E00}.Debug|Win32.ActiveCfg = Debug|Win32
		{3534C527-3DB0-34F3-A170-DD82A4357E00}.Debug|Win32.Build.0 = Debug|Win32
		{3534C527-3DB0-34F3-A170-DD82A4357E00}.Debug|x64.ActiveCfg = Debug|Win32
		{3534C527-3DB0-34F3-A170-DD82A4357E00}.Release|Win32.ActiveCfg = Release|Win32
		{3534C527-3DB0-34F3-A170-DD82A4357E00}.Release|Win32.Build.0 = Release|Win32
		{3534C527-3DB0-34F3-A170-DD82A4357E00}.Release|x64.ActiveCfg = Release|Win32
		{6DE08160-AEB4-3549-B5B7-D4B06DEB99CE}.Debug|Win32.ActiveCfg = Debug|Win32
		{6DE08160-AEB4-3549-B5B7-D4B06DEB99CE}.Debug|Win32.Build.0 = Debug|Win32
		{6DE08160-AEB4-3549-B5B7-D4B06DEB99CE}.Debug|x64.ActiveCfg = Debug|Win32
		{6DE08160-AEB4-3549-B5B7-D4B06DEB99CE}.Release|Win32.ActiveCfg = Release|Win32
		{6DE08160-AEB4-3549-B5B7-D4B06DEB99CE}.Release|Win32.Build.0 = Release|Win32
		{6DE08160-AEB4-3549-B5B7-D4B06DEB99CE}.Release|x64.ActiveCfg = Release|Win32
		{B12CE1CD-D029-3791-848B-4009124FE8BD}.Debug|Win32.ActiveCfg = Debug|Win32
		{B12CE1CD-D029-3791-848B-4009124FE8BD}.Debug|Win32.Build.0 = Debug|Win32
		{B12CE1CD-D029-3791-848B-4009124FE8BD}.Debug|x64.ActiveCfg = Debug|Win32
		{B12CE1CD-D029-3791-848B-4009124FE8BD}.Release|Win32.ActiveCfg = Release|Win32
		{B12CE1CD-D029-3791-848B-4009124FE8BD}.Release|Win32.Build.0 = Release|Win32
		{B12CE1CD-D029-3791-848B-4009124FE8BD}.Release|x64.ActiveCfg = Release|Win32
		{DFFC75CB-F1B3-3BD0-BFA7-0435104F9FF3}.Debug|Win32.ActiveCfg = Debug|Win32
		{DFFC75CB-F1B3-3BD0-BFA7-0435104F9FF3}.Debug|Win32.Build.0 = Debug|Win32
		{DFFC75CB-F1B3-3BD0-BFA7-0435104F9FF3}.Debug|x64.ActiveCfg = Debug|Win32
		{DFFC75CB-F1B3-3BD0-BFA7-0435104F9FF3}.Release|Win32.ActiveCfg = Release|Win32
		{DFFC75CB-F1B3-3BD0-BFA7-0435104F9FF3}.Release|Win32.Build.0 = Release|Win32
		{DFFC75CB-F1B3-3BD0-BFA7-0435104F9FF3}.Release|x64.ActiveCfg = Release|Win32
		{9EC78CD1-F9FB-3B62-841A-22EF4AC96CD1}.Debug|Win32.ActiveCfg = Debug|Win32
		{9EC78CD1-F9FB-3B62-841A-22EF4AC96CD1}.Debug|Win32.Build.0 = Debug|Win32
		{9EC78CD1-F9FB-3B62-841A-22EF4AC96CD1}.Debug|x64.ActiveCfg = Debug|Win32
		{9EC78CD1-F9FB-3B62-841A-22EF4AC96CD1}.Release|Win32.ActiveCfg = Release|Win32
		{9EC78CD1-F9FB-3B62-841A-22EF4AC96CD1}.Release|Win32.Build.0 = Release|Win32
		{9EC78CD1-F9FB-3B62-841A-22EF4AC96CD1}.Release|x64.ActiveCfg = Release|Win32
		{B483D131-B127-3AA8-A927-C0D37C813D74}.Debug|Win32.ActiveCfg = Debug|Win32
		{B483D131-B127-3AA8-A927-C0D37C813D74}.Debug|Win32.Build.0 = Debug|Win32
		{B483D131-B127-3AA8-A927-C0D37C813D74}.Debug|x64.ActiveCfg = Debug|Win32
		{B483D131-B127-3AA8-A927-C0D37C813D74}.Release|Win32.ActiveCfg = Release|Win32
		{B483D131-B127-3AA8-A927-C0D37C813D74}.Release|Win32.Build.0 = Release|Win32
		{B483D131-B127-3AA8-A927-C0D37C813D74}.Release|x64.ActiveCfg = Release|Win32
		{D0D27B09-C038-35B2-9251-1CB614E1DA44}.Debug|Win32.ActiveCfg = Debug|Win32
		{D0D27B09-C038-35B2-9251-1CB614E1DA44}.Debug|Win32.Build.0 = Debug|Win32
		{D0D27B09-C038-35B2-9251-1CB614E1DA44}.Debug|x64.ActiveCfg = Debug|Win32
		{D0D27B09-C038-35B2-9251-1CB614E1DA44}.Release|Win32.ActiveCfg = Release|Win32
		{D0D27B09-C038-35B2-9251-1CB614E1DA44}.Release|Win32.Build.0 = Release|Win32
		{D0D27B09-C038-35B2-9251-1CB614E1DA44}.Release|x64.ActiveCfg = Release|Win32
		{251C8A98-9D68-3345-822B-FECEC009A9A1}.Debug|Win32.ActiveCfg = Debug|Win32
		{251C8A98-9D68-3345-822B-FECEC009A9A1}.Debug|Win32.Build.0 = Debug|Win32
		{251C8A98-9D68-3345-822B-FECEC009A9A1}.Debug|x64.ActiveCfg = Debug|Win32
		{251C8A98-9D68-3345-822B-FECEC009A9A1}.Release|Win32.ActiveCfg = Release|Win32
		{251C8A98-9D68-3345-822B-FECEC009A9A1}.Release|Win32.Build.0 = Release|Win32
		{251C8A98-9D68-3345-822B-FECEC009A9A1}.Release|x64.ActiveCfg = Release|Win32
		{6DFBA523-CD8A-3AA2-A7C7-3035CBA5106F}.Debug|Win32.ActiveCfg = Debug|Win32
		{6DFBA523-CD8A-3AA2-A7C7-3035CBA5106F}.Debug|Win32.Build.0 = Debug|Win32
		{6DFBA523-CD8A-3AA2-A7C7-3035CBA5106F}.Debug|x64.ActiveCfg = Debug|Win32
		{6DFBA523-CD8A-3AA2-A7C7-3035CBA5106F}.Release|Win32.ActiveCfg = Release|Win32
		{6DFBA523-CD8A-3AA2-A7C7-3035CBA5106F}.Release|Win32.Build.0 = Release|Win32
		{6DFBA523-CD8A-3AA2-A7C7-3035CBA5106F}.Release|x64.ActiveCfg = Release|Win32
		{B51727CF-B84B-324A-B0E1-FEB1931BC908}.Debug|Win32.ActiveCfg = Debug|Win32
		{B51727CF-B84B-324A-B0E1-FEB1931BC908}.Debug|Win32.Build.0 = Debug|Win32
		{B51727CF-B84B-324A-B0E1-FEB1931BC908}.Debug|x64.ActiveCfg = Debug|Win32
		{B51727CF-B84B-324A-B0E1-FEB1931BC908}.Release|Win32.ActiveCfg = Release|Win32
		{B51727CF-B84B-324A-B0E1-FEB1931BC908}.Release|Win32.Build.0 = Release|Win32
		{B51727CF-B84B-324A-B0E1-FEB1931BC908}.Release|x64.ActiveCfg = Release|Win32
		{BD3A912E-81C5-35D7-AD32-08B95D1D2E50}.Debug|Win32.ActiveCfg = Debug|Win32
		{BD3A912E-81C5-35D7-AD32-08B95D1D2E50}.Debug|x64.ActiveCfg = Debug|Win32
		{BD3A912E-81C5-35D7-AD32-08B95D1D2E50}.Release|Win32.ActiveCfg = Release|Win32
		{BD3A912E-81C5-35D7-AD32-08B95D1D2E50}.Release|Win32.Build.0 = Release|Win32
		{BD3A912E-81C5-35D7-AD32-08B95D1D2E50}.Release|x64.ActiveCfg = Release|Win32
		{CB52940A-8E76-3454-9E2F-3E35CC5EF52A}.Debug|Win32.ActiveCfg = Debug|Win32
		{CB52940A-8E76-3454-9E2F-3E35CC5EF52A}.Debug|Win32.Build.0 = Debug|Win32
		{CB52940A-8E76-3454-9E2F-3E35CC5EF52A}.Debug|x64.ActiveCfg = Debug|Win32
		{CB52940A-8E76-3454-9E2F-3E35CC5EF52A}.Release|Win32.ActiveCfg = Release|Win32
		{CB52940A-8E76-3454-9E2F-3E35CC5EF52A}.Release|Win32.Build.0 = Release|Win32
		{CB52940A-8E76-3454-9E2F-3E35CC5EF52A}.Release|x64.ActiveCfg = Release|Win32
		{A0B6DB10-725B-3D20-B141-E22ECCFDCD30}.Debug|Win32.ActiveCfg = Debug|Win32
		{A0B6DB10-725B-3D20-B141-E22ECCFDCD30}.Debug|Win32.Build.0 = Debug|Win32
		{A0B6DB10-725B-3D20-B141-E22ECCFDCD30}.Debug|x64.ActiveCfg = Debug|Win32
		{A0B6DB10-725B-3D20-B141-E22ECCFDCD30}.Release|Win32.ActiveCfg = Release|Win32
		{A0B6DB10-725B-3D20-B141-E22ECCFDCD30}.Release|Win32.Build.0 = Release|Win32
		{A0B6DB10-725B-3D20-B141-E22ECCFDCD30}.Release|x64.ActiveCfg = Release|Win32
		{C3F187BC-3A8F-3A15-9374-94170F023FF6}.Debug|Win32.ActiveCfg = Debug|Win32
		{C3F187BC-3A8F-3A15-9374-94170F023FF6}.Debug|Win32.Build.0 = Debug|Win32
		{C3F187BC-3A8F-3A15-9374-94170F023FF6}.Debug|x64.ActiveCfg = Debug|Win32
		{C3F187BC-3A8F-3A15-9374-94170F023FF6}.Release|Win32.ActiveCfg = Release|Win32
		{C3F187BC-3A8F-3A15-9374-94170F023FF6}.Release|Win32.Build.0 = Release|Win32
		{C3F187BC-3A8F-3A15-9374-94170F023FF6}.Release|x64.ActiveCfg = Release|Win32
		{C04ADEA4-086A-3E1D-992E-497E5774C6C4}.Debug|Win32.ActiveCfg = Debug|Win32
		{C04ADEA4-086A-3E1D-992E-497E5774C6C4}.Debug|Win32.Build.0 = Debug|Win32
		{C04ADEA4-086A-3E1D-992E-497E5774C6C4}.Debug|x64.ActiveCfg = Debug|Win32
		{C04ADEA4-086A-3E1D-992E-497E5774C6C4}.Release|Win32.ActiveCfg = Release|Win32
		{C04ADEA4-086A-3E1D-992E-497E5774C6C4}.Release|Win32.Build.0 = Release|Win32
		{C04ADEA4-086A-3E1D-992E-497E5774C6C4}.Release|x64.ActiveCfg = Release|Win32
		{6CCFD3C4-B74F-3386-B409-D0DF943AF948}.Debug|Win32.ActiveCfg = Debug|Win32
		{6CCFD3C4-B74F-3386-B409-D0DF943AF948}.Debug|Win32.Build.0 = Debug|Win32
		{6CCFD3C4-B74F-3386-B409-D0DF943AF948}.Debug|x64.ActiveCfg = Debug|Win32
		{6CCFD3C4-B74F-3386-B409-D0DF943AF948}.Release|Win32.ActiveCfg = Release|Win32
		{6CCFD3C4-B74F-3386-B409-D0DF943AF948}.Release|Win32.Build.0 = Release|Win32
		{6CCFD3C4-B74F-3386-B409-D0DF943AF948}.Release|x64.ActiveCfg = Release|Win32
		{CE6C3222-C1CB-3AD7-AD0D-CAB7E13CBFDB}.Debug|Win32.ActiveCfg = Debug|Win32
		{CE6C3222-C1CB-3AD7-AD0D-CAB7E13CBFDB}.Debug|Win32.Build.0 = Debug|Win32
		{CE6C3222-C1CB-3AD7-AD0D-CAB7E13CBFDB}.Debug|x64.ActiveCfg = Debug|Win32
		{CE6C3222-C1CB-3AD7-AD0D-CAB7E13CBFDB}.Release|Win32.ActiveCfg = Release|Win32
		{CE6C3222-C1CB-3AD7-AD0D-CAB7E13CBFDB}.Release|Win32.Build.0 = Release|Win32
		{CE6C3222-C1CB-3AD7-AD0D-CAB7E13CBFDB}.Release|x64.ActiveCfg = Release|Win32
		{9B6E2DF0-7146-3D86-AD69-FEC5A9B9DFF7}.Debug|Win32.ActiveCfg = Debug|Win32
		{9B6E2DF0-7146-3D86-AD69-FEC5A9B9DFF7}.Debug|Win32.Build.0 = Debug|Win32
		{9B6E2DF0-7146-3D86-AD69-FEC5A9B9DFF7}.Debug|x64.ActiveCfg = Debug|Win32
		{9B6E2DF0-7146-3D86-AD69-FEC5A9B9DFF7}.Release|Win32.ActiveCfg = Release|Win32
		{9B6E2DF0-7146-3D86-AD69-FEC5A9B9DFF7}.Release|Win32.Build.0 = Release|Win32
		{9B6E2DF0-7146-3D86-AD69-FEC5A9B9DFF7}.Release|x64.ActiveCfg = Release|Win32
	EndGlobalSection
	GlobalSection(SolutionProperties) = preSolution
		HideSolutionNode = FALSE
	EndGlobalSection
	GlobalSection(NestedProjects) = preSolution
		{D7624109-CB66-4AA1-9F07-504B5D51BFB6} = {E4BD3B5A-D836-466D-8984-7BD9E46D0206}
		{2B992D0F-4BD4-4159-9D4A-9FFC4627075A} = {E4BD3B5A-D836-466D-8984-7BD9E46D0206}
		{08872D45-F84E-3F43-B514-ADD78D396F8F} = {E4BD3B5A-D836-466D-8984-7BD9E46D0206}
		{8D98F1FC-95A9-3DD3-AA14-F0D703BA4185} = {E4BD3B5A-D836-466D-8984-7BD9E46D0206}
		{4DF98E2B-7A65-4C6A-A19E-4CA2E9BE3B87} = {E4BD3B5A-D836-466D-8984-7BD9E46D0206}
		{3534C527-3DB0-34F3-A170-DD82A4357E00} = {E4BD3B5A-D836-466D-8984-7BD9E46D0206}
		{6DE08160-AEB4-3549-B5B7-D4B06DEB99CE} = {E4BD3B5A-D836-466D-8984-7BD9E46D0206}
		{7AFA022A-669D-3ADB-A4CD-588C06A1440B} = {D7624109-CB66-4AA1-9F07-504B5D51BFB6}
		{BD3A912E-81C5-35D7-AD32-08B95D1D2E50} = {D7624109-CB66-4AA1-9F07-504B5D51BFB6}
		{251C8A98-9D68-3345-822B-FECEC009A9A1} = {2B992D0F-4BD4-4159-9D4A-9FFC4627075A}
		{B51727CF-B84B-324A-B0E1-FEB1931BC908} = {2B992D0F-4BD4-4159-9D4A-9FFC4627075A}
		{69E784C1-71AD-3057-AD4E-32CCA22F70C2} = {2B992D0F-4BD4-4159-9D4A-9FFC4627075A}
		{C3F187BC-3A8F-3A15-9374-94170F023FF6} = {2B992D0F-4BD4-4159-9D4A-9FFC4627075A}
		{6DFBA523-CD8A-3AA2-A7C7-3035CBA5106F} = {4DF98E2B-7A65-4C6A-A19E-4CA2E9BE3B87}
		{3FE5B8CE-E01A-3105-8F15-06308F5DD4B6} = {4DF98E2B-7A65-4C6A-A19E-4CA2E9BE3B87}
		{CE6C3222-C1CB-3AD7-AD0D-CAB7E13CBFDB} = {4DF98E2B-7A65-4C6A-A19E-4CA2E9BE3B87}
		{9EC78CD1-F9FB-3B62-841A-22EF4AC96CD1} = {8506B0EA-AB34-4358-8054-4516A081C148}
		{B483D131-B127-3AA8-A927-C0D37C813D74} = {8506B0EA-AB34-4358-8054-4516A081C148}
		{D0D27B09-C038-35B2-9251-1CB614E1DA44} = {8506B0EA-AB34-4358-8054-4516A081C148}
		{CB52940A-8E76-3454-9E2F-3E35CC5EF52A} = {8506B0EA-AB34-4358-8054-4516A081C148}
		{C04ADEA4-086A-3E1D-992E-497E5774C6C4} = {8506B0EA-AB34-4358-8054-4516A081C148}
		{B12CE1CD-D029-3791-848B-4009124FE8BD} = {8506B0EA-AB34-4358-8054-4516A081C148}
		{6CCFD3C4-B74F-3386-B409-D0DF943AF948} = {8506B0EA-AB34-4358-8054-4516A081C148}
		{9B6E2DF0-7146-3D86-AD69-FEC5A9B9DFF7} = {8506B0EA-AB34-4358-8054-4516A081C148}
	EndGlobalSection
EndGlobal
